<?xml version="1.0" encoding="utf-8"?>
<Project ToolsVersion="4.0" xmlns="http://schemas.microsoft.com/developer/msbuild/2003">
  <ItemGroup>
    <Filter Include="Source Files">
      <UniqueIdentifier>{4FC737F1-C7A5-4376-A066-2A32D752A2FF}</UniqueIdentifier>
      <Extensions>cpp;c;cc;cxx;def;odl;idl;hpj;bat;asm;asmx</Extensions>
    </Filter>
    <Filter Include="Header Files">
      <UniqueIdentifier>{93995380-89BD-4b04-88EB-625FBE52EBFB}</UniqueIdentifier>
      <Extensions>h;hpp;hxx;hm;inl;inc;xsd</Extensions>
    </Filter>
    <Filter Include="Resource Files">
      <UniqueIdentifier>{67DA6AB6-F800-4c08-8B7A-83BB121AAD01}</UniqueIdentifier>
      <Extensions>rc;ico;cur;bmp;dlg;rc2;rct;bin;rgs;gif;jpg;jpeg;jpe;resx;tiff;tif;png;wav;mfcribbon-ms</Extensions>
    </Filter>
    <Filter Include="source">
      <UniqueIdentifier>{d9208700-177c-49dc-8398-d2f5ad9d5f6f}</UniqueIdentifier>
    </Filter>
    <Filter Include="source\kinect">
      <UniqueIdentifier>{f9770e37-21bb-49ef-87d7-4deefd0693a4}</UniqueIdentifier>
    </Filter>
    <Filter Include="source\util">
      <UniqueIdentifier>{3e957fd4-df1b-4b90-9b48-2b71ae08ab6d}</UniqueIdentifier>
    </Filter>
    <Filter Include="source\camera">
      <UniqueIdentifier>{1e0892ef-f922-4ca9-9568-26bf32db518d}</UniqueIdentifier>
    </Filter>
    <Filter Include="source\marker">
      <UniqueIdentifier>{c6ad0efb-daba-44d4-a787-8a89259d2a04}</UniqueIdentifier>
    </Filter>
  </ItemGroup>
  <ItemGroup>
    <None Include="ReadMe.txt" />
    <None Include="small.ico">
      <Filter>Resource Files</Filter>
    </None>
    <None Include="MotionCapturer.ico">
      <Filter>Resource Files</Filter>
    </None>
    <None Include="source\marker\Distortion.xml">
      <Filter>source\marker</Filter>
    </None>
    <None Include="source\marker\Intrinsics.xml">
      <Filter>source\marker</Filter>
    </None>
  </ItemGroup>
  <ItemGroup>
    <ClInclude Include="stdafx.h">
      <Filter>Header Files</Filter>
    </ClInclude>
    <ClInclude Include="targetver.h">
      <Filter>Header Files</Filter>
    </ClInclude>
    <ClInclude Include="Resource.h">
      <Filter>Header Files</Filter>
    </ClInclude>
    <ClInclude Include="main.h">
      <Filter>Header Files</Filter>
    </ClInclude>
    <ClInclude Include="source\kinect\Kinect.h">
      <Filter>source\kinect</Filter>
    </ClInclude>
    <ClInclude Include="source\kinect\KinectManager.h">
      <Filter>source\kinect</Filter>
    </ClInclude>
    <ClInclude Include="source\util\defines.h">
      <Filter>source\util</Filter>
    </ClInclude>
    <ClInclude Include="source\util\Singleton.h">
      <Filter>source\util</Filter>
    </ClInclude>
    <ClInclude Include="source\Engine.h">
      <Filter>source</Filter>
    </ClInclude>
    <ClInclude Include="source\util\Vector3.h">
      <Filter>source\util</Filter>
    </ClInclude>
    <ClInclude Include="source\camera\Camera.h">
      <Filter>source\camera</Filter>
    </ClInclude>
    <ClInclude Include="source\marker\CamCalib.h">
      <Filter>source\marker</Filter>
    </ClInclude>
    <ClInclude Include="source\marker\MarkerRecognizer.h">
      <Filter>source\marker</Filter>
    </ClInclude>
    <ClInclude Include="source\util\BmpExporter.h">
      <Filter>source\util</Filter>
    </ClInclude>
  </ItemGroup>
  <ItemGroup>
    <ClCompile Include="stdafx.cpp">
      <Filter>Source Files</Filter>
    </ClCompile>
    <ClCompile Include="main.cpp">
      <Filter>Source Files</Filter>
    </ClCompile>
    <ClCompile Include="source\kinect\Kinect.cpp">
      <Filter>source\kinect</Filter>
    </ClCompile>
    <ClCompile Include="source\kinect\KinectManager.cpp">
      <Filter>source\kinect</Filter>
    </ClCompile>
    <ClCompile Include="source\Engine.cpp">
      <Filter>source</Filter>
    </ClCompile>
    <ClCompile Include="source\camera\Camera.cpp">
      <Filter>source\camera</Filter>
    </ClCompile>
    <ClCompile Include="source\marker\CamCalib.cpp">
      <Filter>source\marker</Filter>
    </ClCompile>
    <ClCompile Include="source\marker\MarkerRecognizer.cpp">
      <Filter>source\marker</Filter>
    </ClCompile>
    <ClCompile Include="source\util\BmpExporter .cpp">
      <Filter>source\util</Filter>
    </ClCompile>
  </ItemGroup>
  <ItemGroup>
    <ResourceCompile Include="MotionCapturer.rc">
      <Filter>Resource Files</Filter>
    </ResourceCompile>
  </ItemGroup>
</Project>